
Microsoft Visual Studio Solution File, Format Version 12.00
# Visual Studio Version 17
VisualStudioVersion = 17.9.34616.47
MinimumVisualStudioVersion = 10.0.40219.1
Project("{FAE04EC0-301F-11D3-BF4B-00C04F79EFBC}") = "BlackJackOOP", "BlackJackOOP.csproj", "{AC076605-11F6-44C6-915E-C79622CDCA91}"
EndProject
Global
	GlobalSection(SolutionConfigurationPlatforms) = preSolution
		Debug|Any CPU = Debug|Any CPU
		Release|Any CPU = Release|Any CPU
	EndGlobalSection
	GlobalSection(ProjectConfigurationPlatforms) = postSolution
		{AC076605-11F6-44C6-915E-C79622CDCA91}.Debug|Any CPU.ActiveCfg = Debug|Any CPU
		{AC076605-11F6-44C6-915E-C79622CDCA91}.Debug|Any CPU.Build.0 = Debug|Any CPU
		{AC076605-11F6-44C6-915E-C79622CDCA91}.Release|Any CPU.ActiveCfg = Release|Any CPU
		{AC076605-11F6-44C6-915E-C79622CDCA91}.Release|Any CPU.Build.0 = Release|Any CPU
	EndGlobalSection
	GlobalSection(SolutionProperties) = preSolution
		HideSolutionNode = FALSE
	EndGlobalSection
	GlobalSection(ExtensibilityGlobals) = postSolution
		SolutionGuid = {626B984B-2014-410E-AF7B-BB0939695D11}
	EndGlobalSection
EndGlobal
